
Microsoft Visual Studio Solution File, Format Version 12.00
# Visual Studio Version 17
VisualStudioVersion = 17.3.32825.248
MinimumVisualStudioVersion = 10.0.40219.1
Project("{8BC9CEB8-8B4A-11D0-8D11-00A0C91BC942}") = "Studio13", "Studio13.vcxproj", "{42DB593C-FDD2-404D-9CA0-89CC809E7AE2}"
EndProject
Global
	GlobalSection(SolutionConfigurationPlatforms) = preSolution
		Debug|x64 = Debug|x64
		Debug|x86 = Debug|x86
		Release|x64 = Release|x64
		Release|x86 = Release|x86
	EndGlobalSection
	GlobalSection(ProjectConfigurationPlatforms) = postSolution
		{42DB593C-FDD2-404D-9CA0-89CC809E7AE2}.Debug|x64.ActiveCfg = Debug|x64
		{42DB593C-FDD2-404D-9CA0-89CC809E7AE2}.Debug|x64.Build.0 = Debug|x64
		{42DB593C-FDD2-404D-9CA0-89CC809E7AE2}.Debug|x86.ActiveCfg = Debug|Win32
		{42DB593C-FDD2-404D-9CA0-89CC809E7AE2}.Debug|x86.Build.0 = Debug|Win32
		{42DB593C-FDD2-404D-9CA0-89CC809E7AE2}.Release|x64.ActiveCfg = Release|x64
		{42DB593C-FDD2-404D-9CA0-89CC809E7AE2}.Release|x64.Build.0 = Release|x64
		{42DB593C-FDD2-404D-9CA0-89CC809E7AE2}.Release|x86.ActiveCfg = Release|Win32
		{42DB593C-FDD2-404D-9CA0-89CC809E7AE2}.Release|x86.Build.0 = Release|Win32
	EndGlobalSection
	GlobalSection(SolutionProperties) = preSolution
		HideSolutionNode = FALSE
	EndGlobalSection
	GlobalSection(ExtensibilityGlobals) = postSolution
		SolutionGuid = {D803D283-95F2-4C34-9B9A-D47CF18A933B}
	EndGlobalSection
EndGlobal
